{
  "name": "Web_app_pj",
  "lockfileVersion": 2,
  "requires": true,
  "packages": {
    "": {
      "dependencies": {
        "msql": "^1.0.3"
      }
    },
    "node_modules/msql": {
      "version": "1.0.3",
      "resolved": "https://registry.npmjs.org/msql/-/msql-1.0.3.tgz",
      "integrity": "sha1-xEUnGGAaYOw3SaEf4T3OFnudXeo="
    }
  },
  "dependencies": {
    "msql": {
      "version": "1.0.3",
      "resolved": "https://registry.npmjs.org/msql/-/msql-1.0.3.tgz",
      "integrity": "sha1-xEUnGGAaYOw3SaEf4T3OFnudXeo="
    }
  }
}
